# This file is automatically @generated by Cargo.
# It is not intended for manual editing.
version = 4

[[package]]
name = "easyh-render"
version = "0.1.0"
dependencies = [
 "mnir-core",
]

[[package]]
name = "mnir-cli"
version = "0.1.0"
dependencies = [
 "easyh-render",
 "mnir-core",
 "mnir-verify",
]

[[package]]
name = "mnir-core"
version = "0.1.0"

[[package]]
name = "mnir-verify"
version = "0.1.0"
dependencies = [
 "mnir-core",
]
